// !$*UTF8*$!
{
	archiveVersion = 1;
	classes = {
	};
	objectVersion = 48;
	objects = {

/* Begin PBXBuildFile section */
		8CA5CEA7206A987D00472516 /* AppDelegate.m in Sources */ = {isa = PBXBuildFile; fileRef = 8CA5CEA6206A987D00472516 /* AppDelegate.m */; };
		8CA5CEAA206A987D00472516 /* ViewController.m in Sources */ = {isa = PBXBuildFile; fileRef = 8CA5CEA9206A987D00472516 /* ViewController.m */; };
		8CA5CEAD206A987D00472516 /* Main.storyboard in Resources */ = {isa = PBXBuildFile; fileRef = 8CA5CEAB206A987D00472516 /* Main.storyboard */; };
		8CA5CEAF206A987D00472516 /* Assets.xcassets in Resources */ = {isa = PBXBuildFile; fileRef = 8CA5CEAE206A987D00472516 /* Assets.xcassets */; };
		8CA5CEB2206A987D00472516 /* LaunchScreen.storyboard in Resources */ = {isa = PBXBuildFile; fileRef = 8CA5CEB0206A987D00472516 /* LaunchScreen.storyboard */; };
		8CA5CEB5206A987D00472516 /* main.m in Sources */ = {isa = PBXBuildFile; fileRef = 8CA5CEB4206A987D00472516 /* main.m */; };
		8CA5CEBF206A987D00472516 /* yyyyyTests.m in Sources */ = {isa = PBXBuildFile; fileRef = 8CA5CEBE206A987D00472516 /* yyyyyTests.m */; };
		8CA5CECA206A987D00472516 /* yyyyyUITests.m in Sources */ = {isa = PBXBuildFile; fileRef = 8CA5CEC9206A987D00472516 /* yyyyyUITests.m */; };
/* End PBXBuildFile section */

/* Begin PBXContainerItemProxy section */
		8CA5CEBB206A987D00472516 /* PBXContainerItemProxy */ = {
			isa = PBXContainerItemProxy;
			containerPortal = 8CA5CE9A206A987D00472516 /* Project object */;
			proxyType = 1;
			remoteGlobalIDString = 8CA5CEA1206A987D00472516;
			remoteInfo = yyyyy;
		};
		8CA5CEC6206A987D00472516 /* PBXContainerItemProxy */ = {
			isa = PBXContainerItemProxy;
			containerPortal = 8CA5CE9A206A987D00472516 /* Project object */;
			proxyType = 1;
			remoteGlobalIDString = 8CA5CEA1206A987D00472516;
			remoteInfo = yyyyy;
		};
/* End PBXContainerItemProxy section */

/* Begin PBXFileReference section */
		8CA5CEA2206A987D00472516 /* yyyyy.app */ = {isa = PBXFileReference; explicitFileType = wrapper.application; includeInIndex = 0; path = yyyyy.app; sourceTree = BUILT_PRODUCTS_DIR; };
		8CA5CEA5206A987D00472516 /* AppDelegate.h */ = {isa = PBXFileReference; lastKnownFileType = sourcecode.c.h; path = AppDelegate.h; sourceTree = "<group>"; };
		8CA5CEA6206A987D00472516 /* AppDelegate.m */ = {isa = PBXFileReference; lastKnownFileType = sourcecode.c.objc; path = AppDelegate.m; sourceTree = "<group>"; };
		8CA5CEA8206A987D00472516 /* ViewController.h */ = {isa = PBXFileReference; lastKnownFileType = sourcecode.c.h; path = ViewController.h; sourceTree = "<group>"; };
		8CA5CEA9206A987D00472516 /* ViewController.m */ = {isa = PBXFileReference; lastKnownFileType = sourcecode.c.objc; path = ViewController.m; sourceTree = "<group>"; };
		8CA5CEAC206A987D00472516 /* Base */ = {isa = PBXFileReference; lastKnownFileType = file.storyboard; name = Base; path = Base.lproj/Main.storyboard; sourceTree = "<group>"; };
		8CA5CEAE206A987D00472516 /* Assets.xcassets */ = {isa = PBXFileReference; lastKnownFileType = folder.assetcatalog; path = Assets.xcassets; sourceTree = "<group>"; };
		8CA5CEB1206A987D00472516 /* Base */ = {isa = PBXFileReference; lastKnownFileType = file.storyboard; name = Base; path = Base.lproj/LaunchScreen.storyboard; sourceTree = "<group>"; };
		8CA5CEB3206A987D00472516 /* Info.plist */ = {isa = PBXFileReference; lastKnownFileType = text.plist.xml; path = Info.plist; sourceTree = "<group>"; };
		8CA5CEB4206A987D00472516 /* main.m */ = {isa = PBXFileReference; lastKnownFileType = sourcecode.c.objc; path = main.m; sourceTree = "<group>"; };
		8CA5CEBA206A987D00472516 /* yyyyyTests.xctest */ = {isa = PBXFileReference; explicitFileType = wrapper.cfbundle; includeInIndex = 0; path = yyyyyTests.xctest; sourceTree = BUILT_PRODUCTS_DIR; };
		8CA5CEBE206A987D00472516 /* yyyyyTests.m */ = {isa = PBXFileReference; lastKnownFileType = sourcecode.c.objc; path = yyyyyTests.m; sourceTree = "<group>"; };
		8CA5CEC0206A987D00472516 /* Info.plist */ = {isa = PBXFileReference; lastKnownFileType = text.plist.xml; path = Info.plist; sourceTree = "<group>"; };
		8CA5CEC5206A987D00472516 /* yyyyyUITests.xctest */ = {isa = PBXFileReference; explicitFileType = wrapper.cfbundle; includeInIndex = 0; path = yyyyyUITests.xctest; sourceTree = BUILT_PRODUCTS_DIR; };
		8CA5CEC9206A987D00472516 /* yyyyyUITests.m */ = {isa = PBXFileReference; lastKnownFileType = sourcecode.c.objc; path = yyyyyUITests.m; sourceTree = "<group>"; };
		8CA5CECB206A987D00472516 /* Info.plist */ = {isa = PBXFileReference; lastKnownFileType = text.plist.xml; path = Info.plist; sourceTree = "<group>"; };
/* End PBXFileReference section */

/* Begin PBXFrameworksBuildPhase section */
		8CA5CE9F206A987D00472516 /* Frameworks */ = {
			isa = PBXFrameworksBuildPhase;
			buildActionMask = 2147483647;
			files = (
			);
			runOnlyForDeploymentPostprocessing = 0;
		};
		8CA5CEB7206A987D00472516 /* Frameworks */ = {
			isa = PBXFrameworksBuildPhase;
			buildActionMask = 2147483647;
			files = (
			);
			runOnlyForDeploymentPostprocessing = 0;
		};
		8CA5CEC2206A987D00472516 /* Frameworks */ = {
			isa = PBXFrameworksBuildPhase;
			buildActionMask = 2147483647;
			files = (
			);
			runOnlyForDeploymentPostprocessing = 0;
		};
/* End PBXFrameworksBuildPhase section */

/* Begin PBXGroup section */
		8CA5CE99206A987D00472516 = {
			isa = PBXGroup;
			children = (
				8CA5CEA4206A987D00472516 /* yyyyy */,
				8CA5CEBD206A987D00472516 /* yyyyyTests */,
				8CA5CEC8206A987D00472516 /* yyyyyUITests */,
				8CA5CEA3206A987D00472516 /* Products */,
			);
			sourceTree = "<group>";
		};
		8CA5CEA3206A987D00472516 /* Products */ = {
			isa = PBXGroup;
			children = (
				8CA5CEA2206A987D00472516 /* yyyyy.app */,
				8CA5CEBA206A987D00472516 /* yyyyyTests.xctest */,
				8CA5CEC5206A987D00472516 /* yyyyyUITests.xctest */,
			);
			name = Products;
			sourceTree = "<group>";
		};
		8CA5CEA4206A987D00472516 /* yyyyy */ = {
			isa = PBXGroup;
			children = (
				8CA5CEA5206A987D00472516 /* AppDelegate.h */,
				8CA5CEA6206A987D00472516 /* AppDelegate.m */,
				8CA5CEA8206A987D00472516 /* ViewController.h */,
				8CA5CEA9206A987D00472516 /* ViewController.m */,
				8CA5CEAB206A987D00472516 /* Main.storyboard */,
				8CA5CEAE206A987D00472516 /* Assets.xcassets */,
				8CA5CEB0206A987D00472516 /* LaunchScreen.storyboard */,
				8CA5CEB3206A987D00472516 /* Info.plist */,
				8CA5CEB4206A987D00472516 /* main.m */,
			);
			path = yyyyy;
			sourceTree = "<group>";
		};
		8CA5CEBD206A987D00472516 /* yyyyyTests */ = {
			isa = PBXGroup;
			children = (
				8CA5CEBE206A987D00472516 /* yyyyyTests.m */,
				8CA5CEC0206A987D00472516 /* Info.plist */,
			);
			path = yyyyyTests;
			sourceTree = "<group>";
		};
		8CA5CEC8206A987D00472516 /* yyyyyUITests */ = {
			isa = PBXGroup;
			children = (
				8CA5CEC9206A987D00472516 /* yyyyyUITests.m */,
				8CA5CECB206A987D00472516 /* Info.plist */,
			);
			path = yyyyyUITests;
			sourceTree = "<group>";
		};
/* End PBXGroup section */

/* Begin PBXNativeTarget section */
		8CA5CEA1206A987D00472516 /* yyyyy */ = {
			isa = PBXNativeTarget;
			buildConfigurationList = 8CA5CECE206A987D00472516 /* Build configuration list for PBXNativeTarget "yyyyy" */;
			buildPhases = (
				8CA5CE9E206A987D00472516 /* Sources */,
				8CA5CE9F206A987D00472516 /* Frameworks */,
				8CA5CEA0206A987D00472516 /* Resources */,
			);
			buildRules = (
			);
			dependencies = (
			);
			name = yyyyy;
			productName = yyyyy;
			productReference = 8CA5CEA2206A987D00472516 /* yyyyy.app */;
			productType = "com.apple.product-type.application";
		};
		8CA5CEB9206A987D00472516 /* yyyyyTests */ = {
			isa = PBXNativeTarget;
			buildConfigurationList = 8CA5CED1206A987D00472516 /* Build configuration list for PBXNativeTarget "yyyyyTests" */;
			buildPhases = (
				8CA5CEB6206A987D00472516 /* Sources */,
				8CA5CEB7206A987D00472516 /* Frameworks */,
				8CA5CEB8206A987D00472516 /* Resources */,
			);
			buildRules = (
			);
			dependencies = (
				8CA5CEBC206A987D00472516 /* PBXTargetDependency */,
			);
			name = yyyyyTests;
			productName = yyyyyTests;
			productReference = 8CA5CEBA206A987D00472516 /* yyyyyTests.xctest */;
			productType = "com.apple.product-type.bundle.unit-test";
		};
		8CA5CEC4206A987D00472516 /* yyyyyUITests */ = {
			isa = PBXNativeTarget;
			buildConfigurationList = 8CA5CED4206A987D00472516 /* Build configuration list for PBXNativeTarget "yyyyyUITests" */;
			buildPhases = (
				8CA5CEC1206A987D00472516 /* Sources */,
				8CA5CEC2206A987D00472516 /* Frameworks */,
				8CA5CEC3206A987D00472516 /* Resources */,
			);
			buildRules = (
			);
			dependencies = (
				8CA5CEC7206A987D00472516 /* PBXTargetDependency */,
			);
			name = yyyyyUITests;
			productName = yyyyyUITests;
			productReference = 8CA5CEC5206A987D00472516 /* yyyyyUITests.xctest */;
			productType = "com.apple.product-type.bundle.ui-testing";
		};
/* End PBXNativeTarget section */

/* Begin PBXProject section */
		8CA5CE9A206A987D00472516 /* Project object */ = {
			isa = PBXProject;
			attributes = {
				LastUpgradeCheck = 0910;
				ORGANIZATIONNAME = Monkey;
				TargetAttributes = {
					8CA5CEA1206A987D00472516 = {
						CreatedOnToolsVersion = 9.1;
						ProvisioningStyle = Automatic;
					};
					8CA5CEB9206A987D00472516 = {
						CreatedOnToolsVersion = 9.1;
						ProvisioningStyle = Automatic;
						TestTargetID = 8CA5CEA1206A987D00472516;
					};
					8CA5CEC4206A987D00472516 = {
						CreatedOnToolsVersion = 9.1;
						ProvisioningStyle = Automatic;
						TestTargetID = 8CA5CEA1206A987D00472516;
					};
				};
			};
			buildConfigurationList = 8CA5CE9D206A987D00472516 /* Build configuration list for PBXProject "yyyyy" */;
			compatibilityVersion = "Xcode 8.0";
			developmentRegion = en;
			hasScannedForEncodings = 0;
			knownRegions = (
				en,
				Base,
			);
			mainGroup = 8CA5CE99206A987D00472516;
			productRefGroup = 8CA5CEA3206A987D00472516 /* Products */;
			projectDirPath = "";
			projectRoot = "";
			targets = (
				8CA5CEA1206A987D00472516 /* yyyyy */,
				8CA5CEB9206A987D00472516 /* yyyyyTests */,
				8CA5CEC4206A987D00472516 /* yyyyyUITests */,
			);
		};
/* End PBXProject section */

/* Begin PBXResourcesBuildPhase section */
		8CA5CEA0206A987D00472516 /* Resources */ = {
			isa = PBXResourcesBuildPhase;
			buildActionMask = 2147483647;
			files = (
				8CA5CEB2206A987D00472516 /* LaunchScreen.storyboard in Resources */,
				8CA5CEAF206A987D00472516 /* Assets.xcassets in Resources */,
				8CA5CEAD206A987D00472516 /* Main.storyboard in Resources */,
			);
			runOnlyForDeploymentPostprocessing = 0;
		};
		8CA5CEB8206A987D00472516 /* Resources */ = {
			isa = PBXResourcesBuildPhase;
			buildActionMask = 2147483647;
			files = (
			);
			runOnlyForDeploymentPostprocessing = 0;
		};
		8CA5CEC3206A987D00472516 /* Resources */ = {
			isa = PBXResourcesBuildPhase;
			buildActionMask = 2147483647;
			files = (
			);
			runOnlyForDeploymentPostprocessing = 0;
		};
/* End PBXResourcesBuildPhase section */

/* Begin PBXSourcesBuildPhase section */
		8CA5CE9E206A987D00472516 /* Sources */ = {
			isa = PBXSourcesBuildPhase;
			buildActionMask = 2147483647;
			files = (
				8CA5CEAA206A987D00472516 /* ViewController.m in Sources */,
				8CA5CEB5206A987D00472516 /* main.m in Sources */,
				8CA5CEA7206A987D00472516 /* AppDelegate.m in Sources */,
			);
			runOnlyForDeploymentPostprocessing = 0;
		};
		8CA5CEB6206A987D00472516 /* Sources */ = {
			isa = PBXSourcesBuildPhase;
			buildActionMask = 2147483647;
			files = (
				8CA5CEBF206A987D00472516 /* yyyyyTests.m in Sources */,
			);
			runOnlyForDeploymentPostprocessing = 0;
		};
		8CA5CEC1206A987D00472516 /* Sources */ = {
			isa = PBXSourcesBuildPhase;
			buildActionMask = 2147483647;
			files = (
				8CA5CECA206A987D00472516 /* yyyyyUITests.m in Sources */,
			);
			runOnlyForDeploymentPostprocessing = 0;
		};
/* End PBXSourcesBuildPhase section */

/* Begin PBXTargetDependency section */
		8CA5CEBC206A987D00472516 /* PBXTargetDependency */ = {
			isa = PBXTargetDependency;
			target = 8CA5CEA1206A987D00472516 /* yyyyy */;
			targetProxy = 8CA5CEBB206A987D00472516 /* PBXContainerItemProxy */;
		};
		8CA5CEC7206A987D00472516 /* PBXTargetDependency */ = {
			isa = PBXTargetDependency;
			target = 8CA5CEA1206A987D00472516 /* yyyyy */;
			targetProxy = 8CA5CEC6206A987D00472516 /* PBXContainerItemProxy */;
		};
/* End PBXTargetDependency section */

/* Begin PBXVariantGroup section */
		8CA5CEAB206A987D00472516 /* Main.storyboard */ = {
			isa = PBXVariantGroup;
			children = (
				8CA5CEAC206A987D00472516 /* Base */,
			);
			name = Main.storyboard;
			sourceTree = "<group>";
		};
		8CA5CEB0206A987D00472516 /* LaunchScreen.storyboard */ = {
			isa = PBXVariantGroup;
			children = (
				8CA5CEB1206A987D00472516 /* Base */,
			);
			name = LaunchScreen.storyboard;
			sourceTree = "<group>";
		};
/* End PBXVariantGroup section */

/* Begin XCBuildConfiguration section */
		8CA5CECC206A987D00472516 /* Debug */ = {
			isa = XCBuildConfiguration;
			buildSettings = {
				ALWAYS_SEARCH_USER_PATHS = NO;
				CLANG_ANALYZER_NONNULL = YES;
				CLANG_ANALYZER_NUMBER_OBJECT_CONVERSION = YES_AGGRESSIVE;
				CLANG_CXX_LANGUAGE_STANDARD = "gnu++14";
				CLANG_CXX_LIBRARY = "libc++";
				CLANG_ENABLE_MODULES = YES;
				CLANG_ENABLE_OBJC_ARC = YES;
				CLANG_WARN_BLOCK_CAPTURE_AUTORELEASING = YES;
				CLANG_WARN_BOOL_CONVERSION = YES;
				CLANG_WARN_COMMA = YES;
				CLANG_WARN_CONSTANT_CONVERSION = YES;
				CLANG_WARN_DIRECT_OBJC_ISA_USAGE = YES_ERROR;
				CLANG_WARN_DOCUMENTATION_COMMENTS = YES;
				CLANG_WARN_EMPTY_BODY = YES;
				CLANG_WARN_ENUM_CONVERSION = YES;
				CLANG_WARN_INFINITE_RECURSION = YES;
				CLANG_WARN_INT_CONVERSION = YES;
				CLANG_WARN_NON_LITERAL_NULL_CONVERSION = YES;
				CLANG_WARN_OBJC_LITERAL_CONVERSION = YES;
				CLANG_WARN_OBJC_ROOT_CLASS = YES_ERROR;
				CLANG_WARN_RANGE_LOOP_ANALYSIS = YES;
				CLANG_WARN_STRICT_PROTOTYPES = YES;
				CLANG_WARN_SUSPICIOUS_MOVE = YES;
				CLANG_WARN_UNGUARDED_AVAILABILITY = YES_AGGRESSIVE;
				CLANG_WARN_UNREACHABLE_CODE = YES;
				CLANG_WARN__DUPLICATE_METHOD_MATCH = YES;
				CODE_SIGN_IDENTITY = "iPhone Developer";
				COPY_PHASE_STRIP = NO;
				DEBUG_INFORMATION_FORMAT = dwarf;
				ENABLE_STRICT_OBJC_MSGSEND = YES;
				ENABLE_TESTABILITY = YES;
				GCC_C_LANGUAGE_STANDARD = gnu11;
				GCC_DYNAMIC_NO_PIC = NO;
				GCC_NO_COMMON_BLOCKS = YES;
				GCC_OPTIMIZATION_LEVEL = 0;
				GCC_PREPROCESSOR_DEFINITIONS = (
					"DEBUG=1",
					"$(inherited)",
				);
				GCC_WARN_64_TO_32_BIT_CONVERSION = YES;
				GCC_WARN_ABOUT_RETURN_TYPE = YES_ERROR;
				GCC_WARN_UNDECLARED_SELECTOR = YES;
				GCC_WARN_UNINITIALIZED_AUTOS = YES_AGGRESSIVE;
				GCC_WARN_UNUSED_FUNCTION = YES;
				GCC_WARN_UNUSED_VARIABLE = YES;
				IPHONEOS_DEPLOYMENT_TARGET = 11.1;
				MTL_ENABLE_DEBUG_INFO = YES;
				ONLY_ACTIVE_ARCH = YES;
				SDKROOT = iphoneos;
			};
			name = Debug;
		};
		8CA5CECD206A987D00472516 /* Release */ = {
			isa = XCBuildConfiguration;
			buildSettings = {
				ALWAYS_SEARCH_USER_PATHS = NO;
				CLANG_ANALYZER_NONNULL = YES;
				CLANG_ANALYZER_NUMBER_OBJECT_CONVERSION = YES_AGGRESSIVE;
				CLANG_CXX_LANGUAGE_STANDARD = "gnu++14";
				CLANG_CXX_LIBRARY = "libc++";
				CLANG_ENABLE_MODULES = YES;
				CLANG_ENABLE_OBJC_ARC = YES;
				CLANG_WARN_BLOCK_CAPTURE_AUTORELEASING = YES;
				CLANG_WARN_BOOL_CONVERSION = YES;
				CLANG_WARN_COMMA = YES;
				CLANG_WARN_CONSTANT_CONVERSION = YES;
				CLANG_WARN_DIRECT_OBJC_ISA_USAGE = YES_ERROR;
				CLANG_WARN_DOCUMENTATION_COMMENTS = YES;
				CLANG_WARN_EMPTY_BODY = YES;
				CLANG_WARN_ENUM_CONVERSION = YES;
				CLANG_WARN_INFINITE_RECURSION = YES;
				CLANG_WARN_INT_CONVERSION = YES;
				CLANG_WARN_NON_LITERAL_NULL_CONVERSION = YES;
				CLANG_WARN_OBJC_LITERAL_CONVERSION = YES;
				CLANG_WARN_OBJC_ROOT_CLASS = YES_ERROR;
				CLANG_WARN_RANGE_LOOP_ANALYSIS = YES;
				CLANG_WARN_STRICT_PROTOTYPES = YES;
				CLANG_WARN_SUSPICIOUS_MOVE = YES;
				CLANG_WARN_UNGUARDED_AVAILABILITY = YES_AGGRESSIVE;
				CLANG_WARN_UNREACHABLE_CODE = YES;
				CLANG_WARN__DUPLICATE_METHOD_MATCH = YES;
				CODE_SIGN_IDENTITY = "iPhone Developer";
				COPY_PHASE_STRIP = NO;
				DEBUG_INFORMATION_FORMAT = "dwarf-with-dsym";
				ENABLE_NS_ASSERTIONS = NO;
				ENABLE_STRICT_OBJC_MSGSEND = YES;
				GCC_C_LANGUAGE_STANDARD = gnu11;
				GCC_NO_COMMON_BLOCKS = YES;
				GCC_WARN_64_TO_32_BIT_CONVERSION = YES;
				GCC_WARN_ABOUT_RETURN_TYPE = YES_ERROR;
				GCC_WARN_UNDECLARED_SELECTOR = YES;
				GCC_WARN_UNINITIALIZED_AUTOS = YES_AGGRESSIVE;
				GCC_WARN_UNUSED_FUNCTION = YES;
				GCC_WARN_UNUSED_VARIABLE = YES;
				IPHONEOS_DEPLOYMENT_TARGET = 11.1;
				MTL_ENABLE_DEBUG_INFO = NO;
				SDKROOT = iphoneos;
				VALIDATE_PRODUCT = YES;
			};
			name = Release;
		};
		8CA5CECF206A987D00472516 /* Debug */ = {
			isa = XCBuildConfiguration;
			buildSettings = {
				ASSETCATALOG_COMPILER_APPICON_NAME = AppIcon;
				CODE_SIGN_STYLE = Automatic;
				DEVELOPMENT_TEAM = BHA44M2FGH;
				INFOPLIST_FILE = yyyyy/Info.plist;
				LD_RUNPATH_SEARCH_PATHS = "$(inherited) @executable_path/Frameworks";
				PRODUCT_BUNDLE_IDENTIFIER = com.uxinapp.WorkNet.APP.yyyyy;
				PRODUCT_NAME = "$(TARGET_NAME)";
				TARGETED_DEVICE_FAMILY = "1,2";
			};
			name = Debug;
		};
		8CA5CED0206A987D00472516 /* Release */ = {
			isa = XCBuildConfiguration;
			buildSettings = {
				ASSETCATALOG_COMPILER_APPICON_NAME = AppIcon;
				CODE_SIGN_STYLE = Automatic;
				DEVELOPMENT_TEAM = BHA44M2FGH;
				INFOPLIST_FILE = yyyyy/Info.plist;
				LD_RUNPATH_SEARCH_PATHS = "$(inherited) @executable_path/Frameworks";
				PRODUCT_BUNDLE_IDENTIFIER = com.uxinapp.WorkNet.APP.yyyyy;
				PRODUCT_NAME = "$(TARGET_NAME)";
				TARGETED_DEVICE_FAMILY = "1,2";
			};
			name = Release;
		};
		8CA5CED2206A987D00472516 /* Debug */ = {
			isa = XCBuildConfiguration;
			buildSettings = {
				BUNDLE_LOADER = "$(TEST_HOST)";
				CODE_SIGN_STYLE = Automatic;
				DEVELOPMENT_TEAM = BHA44M2FGH;
				INFOPLIST_FILE = yyyyyTests/Info.plist;
				LD_RUNPATH_SEARCH_PATHS = "$(inherited) @executable_path/Frameworks @loader_path/Frameworks";
				PRODUCT_BUNDLE_IDENTIFIER = com.uxinapp.WorkNet.APP.yyyyyTests;
				PRODUCT_NAME = "$(TARGET_NAME)";
				TARGETED_DEVICE_FAMILY = "1,2";
				TEST_HOST = "$(BUILT_PRODUCTS_DIR)/yyyyy.app/yyyyy";
			};
			name = Debug;
		};
		8CA5CED3206A987D00472516 /* Release */ = {
			isa = XCBuildConfiguration;
			buildSettings = {
				BUNDLE_LOADER = "$(TEST_HOST)";
				CODE_SIGN_STYLE = Automatic;
				DEVELOPMENT_TEAM = BHA44M2FGH;
				INFOPLIST_FILE = yyyyyTests/Info.plist;
				LD_RUNPATH_SEARCH_PATHS = "$(inherited) @executable_path/Frameworks @loader_path/Frameworks";
				PRODUCT_BUNDLE_IDENTIFIER = com.uxinapp.WorkNet.APP.yyyyyTests;
				PRODUCT_NAME = "$(TARGET_NAME)";
				TARGETED_DEVICE_FAMILY = "1,2";
				TEST_HOST = "$(BUILT_PRODUCTS_DIR)/yyyyy.app/yyyyy";
			};
			name = Release;
		};
		8CA5CED5206A987D00472516 /* Debug */ = {
			isa = XCBuildConfiguration;
			buildSettings = {
				CODE_SIGN_STYLE = Automatic;
				DEVELOPMENT_TEAM = BHA44M2FGH;
				INFOPLIST_FILE = yyyyyUITests/Info.plist;
				LD_RUNPATH_SEARCH_PATHS = "$(inherited) @executable_path/Frameworks @loader_path/Frameworks";
				PRODUCT_BUNDLE_IDENTIFIER = com.uxinapp.WorkNet.APP.yyyyyUITests;
				PRODUCT_NAME = "$(TARGET_NAME)";
				TARGETED_DEVICE_FAMILY = "1,2";
				TEST_TARGET_NAME = yyyyy;
			};
			name = Debug;
		};
		8CA5CED6206A987D00472516 /* Release */ = {
			isa = XCBuildConfiguration;
			buildSettings = {
				CODE_SIGN_STYLE = Automatic;
				DEVELOPMENT_TEAM = BHA44M2FGH;
				INFOPLIST_FILE = yyyyyUITests/Info.plist;
				LD_RUNPATH_SEARCH_PATHS = "$(inherited) @executable_path/Frameworks @loader_path/Frameworks";
				PRODUCT_BUNDLE_IDENTIFIER = com.uxinapp.WorkNet.APP.yyyyyUITests;
				PRODUCT_NAME = "$(TARGET_NAME)";
				TARGETED_DEVICE_FAMILY = "1,2";
				TEST_TARGET_NAME = yyyyy;
			};
			name = Release;
		};
/* End XCBuildConfiguration section */

/* Begin XCConfigurationList section */
		8CA5CE9D206A987D00472516 /* Build configuration list for PBXProject "yyyyy" */ = {
			isa = XCConfigurationList;
			buildConfigurations = (
				8CA5CECC206A987D00472516 /* Debug */,
				8CA5CECD206A987D00472516 /* Release */,
			);
			defaultConfigurationIsVisible = 0;
			defaultConfigurationName = Release;
		};
		8CA5CECE206A987D00472516 /* Build configuration list for PBXNativeTarget "yyyyy" */ = {
			isa = XCConfigurationList;
			buildConfigurations = (
				8CA5CECF206A987D00472516 /* Debug */,
				8CA5CED0206A987D00472516 /* Release */,
			);
			defaultConfigurationIsVisible = 0;
			defaultConfigurationName = Release;
		};
		8CA5CED1206A987D00472516 /* Build configuration list for PBXNativeTarget "yyyyyTests" */ = {
			isa = XCConfigurationList;
			buildConfigurations = (
				8CA5CED2206A987D00472516 /* Debug */,
				8CA5CED3206A987D00472516 /* Release */,
			);
			defaultConfigurationIsVisible = 0;
			defaultConfigurationName = Release;
		};
		8CA5CED4206A987D00472516 /* Build configuration list for PBXNativeTarget "yyyyyUITests" */ = {
			isa = XCConfigurationList;
			buildConfigurations = (
				8CA5CED5206A987D00472516 /* Debug */,
				8CA5CED6206A987D00472516 /* Release */,
			);
			defaultConfigurationIsVisible = 0;
			defaultConfigurationName = Release;
		};
/* End XCConfigurationList section */
	};
	rootObject = 8CA5CE9A206A987D00472516 /* Project object */;
}
